
Microsoft Visual Studio Solution File, Format Version 12.00
Project("{FAE04EC0-301F-11D3-BF4B-00C04F79EFBC}") = "FunctionalTeamCombiner", "FunctionalTeamCombiner\FunctionalTeamCombiner.csproj", "{1E95275E-E1D8-4A68-9B7F-CD456C06DADF}"
EndProject
Global
	GlobalSection(SolutionConfigurationPlatforms) = preSolution
		Debug|Any CPU = Debug|Any CPU
		Release|Any CPU = Release|Any CPU
	EndGlobalSection
	GlobalSection(ProjectConfigurationPlatforms) = postSolution
		{1E95275E-E1D8-4A68-9B7F-CD456C06DADF}.Debug|Any CPU.ActiveCfg = Debug|Any CPU
		{1E95275E-E1D8-4A68-9B7F-CD456C06DADF}.Debug|Any CPU.Build.0 = Debug|Any CPU
		{1E95275E-E1D8-4A68-9B7F-CD456C06DADF}.Release|Any CPU.ActiveCfg = Release|Any CPU
		{1E95275E-E1D8-4A68-9B7F-CD456C06DADF}.Release|Any CPU.Build.0 = Release|Any CPU
	EndGlobalSection
EndGlobal
